
Microsoft Visual Studio Solution File, Format Version 12.00
# Visual Studio Version 16
VisualStudioVersion = 16.0.29709.97
MinimumVisualStudioVersion = 10.0.40219.1
Project("{FAE04EC0-301F-11D3-BF4B-00C04F79EFBC}") = "Evergreen", "Evergreen.csproj", "{4535CEE3-4ABF-4F06-8541-A793BA6FC18B}"
EndProject
Global
	GlobalSection(SolutionConfigurationPlatforms) = preSolution
		Debug|Any CPU = Debug|Any CPU
		Release|Any CPU = Release|Any CPU
	EndGlobalSection
	GlobalSection(ProjectConfigurationPlatforms) = postSolution
		{4535CEE3-4ABF-4F06-8541-A793BA6FC18B}.Debug|Any CPU.ActiveCfg = Debug|Any CPU
		{4535CEE3-4ABF-4F06-8541-A793BA6FC18B}.Debug|Any CPU.Build.0 = Debug|Any CPU
		{4535CEE3-4ABF-4F06-8541-A793BA6FC18B}.Release|Any CPU.ActiveCfg = Release|Any CPU
		{4535CEE3-4ABF-4F06-8541-A793BA6FC18B}.Release|Any CPU.Build.0 = Release|Any CPU
	EndGlobalSection
	GlobalSection(SolutionProperties) = preSolution
		HideSolutionNode = FALSE
	EndGlobalSection
	GlobalSection(ExtensibilityGlobals) = postSolution
		SolutionGuid = {A3009EA4-6364-467C-9F68-729E48CB2C3C}
	EndGlobalSection
EndGlobal
